
Microsoft Visual Studio Solution File, Format Version 12.00
# Visual Studio Version 16
VisualStudioVersion = 16.0.28803.202
MinimumVisualStudioVersion = 10.0.40219.1
Project("{FAE04EC0-301F-11D3-BF4B-00C04F79EFBC}") = "MVVM", "MVVM\MVVM.csproj", "{B5165E9F-1FBA-4FCC-A5FA-B655F4120563}"
EndProject
Global
	GlobalSection(SolutionConfigurationPlatforms) = preSolution
		Debug|Any CPU = Debug|Any CPU
		Release|Any CPU = Release|Any CPU
	EndGlobalSection
	GlobalSection(ProjectConfigurationPlatforms) = postSolution
		{B5165E9F-1FBA-4FCC-A5FA-B655F4120563}.Debug|Any CPU.ActiveCfg = Debug|Any CPU
		{B5165E9F-1FBA-4FCC-A5FA-B655F4120563}.Debug|Any CPU.Build.0 = Debug|Any CPU
		{B5165E9F-1FBA-4FCC-A5FA-B655F4120563}.Release|Any CPU.ActiveCfg = Release|Any CPU
		{B5165E9F-1FBA-4FCC-A5FA-B655F4120563}.Release|Any CPU.Build.0 = Release|Any CPU
	EndGlobalSection
	GlobalSection(SolutionProperties) = preSolution
		HideSolutionNode = FALSE
	EndGlobalSection
	GlobalSection(ExtensibilityGlobals) = postSolution
		SolutionGuid = {2455570D-CB3F-4666-9263-77E22A4E3099}
	EndGlobalSection
EndGlobal
